
Microsoft Visual Studio Solution File, Format Version 12.00
# Visual Studio Version 17
VisualStudioVersion = 17.10.34916.146
MinimumVisualStudioVersion = 10.0.40219.1
Project("{FAE04EC0-301F-11D3-BF4B-00C04F79EFBC}") = "AITESTING", "AITESTING\AITESTING.csproj", "{4CA02999-1969-47EE-804D-57F054F91333}"
EndProject
Global
	GlobalSection(SolutionConfigurationPlatforms) = preSolution
		Debug|ARM = Debug|ARM
		Debug|ARM64 = Debug|ARM64
		Debug|x64 = Debug|x64
		Debug|x86 = Debug|x86
		Release|ARM = Release|ARM
		Release|ARM64 = Release|ARM64
		Release|x64 = Release|x64
		Release|x86 = Release|x86
	EndGlobalSection
	GlobalSection(ProjectConfigurationPlatforms) = postSolution
		{4CA02999-1969-47EE-804D-57F054F91333}.Debug|ARM.ActiveCfg = Debug|ARM
		{4CA02999-1969-47EE-804D-57F054F91333}.Debug|ARM.Build.0 = Debug|ARM
		{4CA02999-1969-47EE-804D-57F054F91333}.Debug|ARM.Deploy.0 = Debug|ARM
		{4CA02999-1969-47EE-804D-57F054F91333}.Debug|ARM64.ActiveCfg = Debug|ARM64
		{4CA02999-1969-47EE-804D-57F054F91333}.Debug|ARM64.Build.0 = Debug|ARM64
		{4CA02999-1969-47EE-804D-57F054F91333}.Debug|ARM64.Deploy.0 = Debug|ARM64
		{4CA02999-1969-47EE-804D-57F054F91333}.Debug|x64.ActiveCfg = Debug|x64
		{4CA02999-1969-47EE-804D-57F054F91333}.Debug|x64.Build.0 = Debug|x64
		{4CA02999-1969-47EE-804D-57F054F91333}.Debug|x64.Deploy.0 = Debug|x64
		{4CA02999-1969-47EE-804D-57F054F91333}.Debug|x86.ActiveCfg = Debug|x86
		{4CA02999-1969-47EE-804D-57F054F91333}.Debug|x86.Build.0 = Debug|x86
		{4CA02999-1969-47EE-804D-57F054F91333}.Debug|x86.Deploy.0 = Debug|x86
		{4CA02999-1969-47EE-804D-57F054F91333}.Release|ARM.ActiveCfg = Release|ARM
		{4CA02999-1969-47EE-804D-57F054F91333}.Release|ARM.Build.0 = Release|ARM
		{4CA02999-1969-47EE-804D-57F054F91333}.Release|ARM.Deploy.0 = Release|ARM
		{4CA02999-1969-47EE-804D-57F054F91333}.Release|ARM64.ActiveCfg = Release|ARM64
		{4CA02999-1969-47EE-804D-57F054F91333}.Release|ARM64.Build.0 = Release|ARM64
		{4CA02999-1969-47EE-804D-57F054F91333}.Release|ARM64.Deploy.0 = Release|ARM64
		{4CA02999-1969-47EE-804D-57F054F91333}.Release|x64.ActiveCfg = Release|x64
		{4CA02999-1969-47EE-804D-57F054F91333}.Release|x64.Build.0 = Release|x64
		{4CA02999-1969-47EE-804D-57F054F91333}.Release|x64.Deploy.0 = Release|x64
		{4CA02999-1969-47EE-804D-57F054F91333}.Release|x86.ActiveCfg = Release|x86
		{4CA02999-1969-47EE-804D-57F054F91333}.Release|x86.Build.0 = Release|x86
		{4CA02999-1969-47EE-804D-57F054F91333}.Release|x86.Deploy.0 = Release|x86
	EndGlobalSection
	GlobalSection(SolutionProperties) = preSolution
		HideSolutionNode = FALSE
	EndGlobalSection
	GlobalSection(ExtensibilityGlobals) = postSolution
		SolutionGuid = {3DA56E6E-4E1B-47B7-BCAD-D0F16E39DD80}
	EndGlobalSection
EndGlobal
